// !$*UTF8*$!
{
	archiveVersion = 1;
	classes = {
	};
	objectVersion = 77;
	objects = {

/* Begin PBXBuildFile section */
		0F5B44B77D4F53CFC3CCE664 /* PanelLayout.swift in Sources */ = {isa = PBXBuildFile; fileRef = C451434F61CC4D86D765ECC0 /* PanelLayout.swift */; };
		0F6140F276439F54E5A82FCB /* JetBrainsMonoNerdFontMono-Regular.ttf in Resources */ = {isa = PBXBuildFile; fileRef = 50D972CBB476054189A45DBB /* JetBrainsMonoNerdFontMono-Regular.ttf */; };
		198D43F3F9A2905D654DFD2C /* MiniPillView.swift in Sources */ = {isa = PBXBuildFile; fileRef = E4EF6C8CCC714A70DC1BA4B0 /* MiniPillView.swift */; };
		1ECB8764D7AD21C120CB9330 /* LimitaTests.swift in Sources */ = {isa = PBXBuildFile; fileRef = DFEC67C0B6E1EDDF35098A9A /* LimitaTests.swift */; };
		25A7D14A1E6C53F4B4D69E92 /* DateParsing.swift in Sources */ = {isa = PBXBuildFile; fileRef = EE4D46FD1D7B60B7CE213162 /* DateParsing.swift */; };
		2B6E424FDA30FB3EA1FD8731 /* ClaudeStatusLine.swift in Sources */ = {isa = PBXBuildFile; fileRef = D265E71959CEAE29EED96271 /* ClaudeStatusLine.swift */; };
		43C1CB71110D3B3917E3575E /* LimitsStore.swift in Sources */ = {isa = PBXBuildFile; fileRef = DC4594B9BA5DC82DDAE23517 /* LimitsStore.swift */; };
		4EA5262139160334A05CAE9E /* BezelPanelController.swift in Sources */ = {isa = PBXBuildFile; fileRef = 27C03CC32416785B5AE66956 /* BezelPanelController.swift */; };
		61B11378717DC64DB9E74DA2 /* TailLineReader.swift in Sources */ = {isa = PBXBuildFile; fileRef = 5835DDCBD37DB19D625A0446 /* TailLineReader.swift */; };
		7F9821E6418D03249EED0A42 /* CodexLiveClient.swift in Sources */ = {isa = PBXBuildFile; fileRef = 4F5FB063C0035DB21B9EE9BC /* CodexLiveClient.swift */; };
		8047ED5CA8064614590FF52D /* AppDelegate.swift in Sources */ = {isa = PBXBuildFile; fileRef = B37A349072A6F933C9F03DCC /* AppDelegate.swift */; };
		87D73D8E5C39EEA3F12B8F26 /* LimitaApp.swift in Sources */ = {isa = PBXBuildFile; fileRef = 3B5CA708E4B041F7AED42C7A /* LimitaApp.swift */; };
		89D0A1370588D192A8DB7806 /* AppFont.swift in Sources */ = {isa = PBXBuildFile; fileRef = 96E733C221B37B752439FF16 /* AppFont.swift */; };
		8AB2ABAC99330343E63C1C01 /* Assets.xcassets in Resources */ = {isa = PBXBuildFile; fileRef = FE59703CA2833AFEF473FA2F /* Assets.xcassets */; };
		9D48F030088BAAA022768269 /* OFL.txt in Resources */ = {isa = PBXBuildFile; fileRef = F8B7E87B56C88A193E4BA146 /* OFL.txt */; };
		A0ABC1554C414757DCD5AB08 /* ClaudeLimitsReader.swift in Sources */ = {isa = PBXBuildFile; fileRef = DADC5EAEDBA151AA15A121E9 /* ClaudeLimitsReader.swift */; };
		C0E87B7D549C94F8610649EE /* ExpandedView.swift in Sources */ = {isa = PBXBuildFile; fileRef = 9AEC302EB596BCC32079CE7A /* ExpandedView.swift */; };
		C52279ABD99B4FE0D06EBA47 /* ClaudeLiveClient.swift in Sources */ = {isa = PBXBuildFile; fileRef = E92BA3B28C2A304530DD3B4F /* ClaudeLiveClient.swift */; };
		CE560AF28A8DA7E0D318ADA4 /* LimitData.swift in Sources */ = {isa = PBXBuildFile; fileRef = 597AA6F50B34A3D5C5B2FBEF /* LimitData.swift */; };
		E310C5B496E7266D16576583 /* CodexLimitsReader.swift in Sources */ = {isa = PBXBuildFile; fileRef = E6295DA81A65D70795B72DA9 /* CodexLimitsReader.swift */; };
		F773247584DCE531A6F11F21 /* ServiceSettings.swift in Sources */ = {isa = PBXBuildFile; fileRef = CB08A24AA0A1DAE282E2D206 /* ServiceSettings.swift */; };
/* End PBXBuildFile section */

/* Begin PBXContainerItemProxy section */
		63AF458E50984B47C87AAE80 /* PBXContainerItemProxy */ = {
			isa = PBXContainerItemProxy;
			containerPortal = C77BB9E840AEF78F0366A8DB /* Project object */;
			proxyType = 1;
			remoteGlobalIDString = 15D69141E4E3BB35DEB0AA15;
			remoteInfo = Limita;
		};
/* End PBXContainerItemProxy section */

/* Begin PBXFileReference section */
		1EDD6F89AE8BABCC152E6C77 /* Limita.app */ = {isa = PBXFileReference; explicitFileType = wrapper.application; includeInIndex = 0; path = Limita.app; sourceTree = BUILT_PRODUCTS_DIR; };
		27C03CC32416785B5AE66956 /* BezelPanelController.swift */ = {isa = PBXFileReference; lastKnownFileType = sourcecode.swift; path = BezelPanelController.swift; sourceTree = "<group>"; };
		3B5CA708E4B041F7AED42C7A /* LimitaApp.swift */ = {isa = PBXFileReference; lastKnownFileType = sourcecode.swift; path = LimitaApp.swift; sourceTree = "<group>"; };
		4F5FB063C0035DB21B9EE9BC /* CodexLiveClient.swift */ = {isa = PBXFileReference; lastKnownFileType = sourcecode.swift; path = CodexLiveClient.swift; sourceTree = "<group>"; };
		50D972CBB476054189A45DBB /* JetBrainsMonoNerdFontMono-Regular.ttf */ = {isa = PBXFileReference; lastKnownFileType = file; path = "JetBrainsMonoNerdFontMono-Regular.ttf"; sourceTree = "<group>"; };
		5835DDCBD37DB19D625A0446 /* TailLineReader.swift */ = {isa = PBXFileReference; lastKnownFileType = sourcecode.swift; path = TailLineReader.swift; sourceTree = "<group>"; };
		597AA6F50B34A3D5C5B2FBEF /* LimitData.swift */ = {isa = PBXFileReference; lastKnownFileType = sourcecode.swift; path = LimitData.swift; sourceTree = "<group>"; };
		96E733C221B37B752439FF16 /* AppFont.swift */ = {isa = PBXFileReference; lastKnownFileType = sourcecode.swift; path = AppFont.swift; sourceTree = "<group>"; };
		9AEC302EB596BCC32079CE7A /* ExpandedView.swift */ = {isa = PBXFileReference; lastKnownFileType = sourcecode.swift; path = ExpandedView.swift; sourceTree = "<group>"; };
		A80FCA4381FCE7D920A56645 /* LimitaTests.xctest */ = {isa = PBXFileReference; explicitFileType = wrapper.cfbundle; includeInIndex = 0; path = LimitaTests.xctest; sourceTree = BUILT_PRODUCTS_DIR; };
		B37A349072A6F933C9F03DCC /* AppDelegate.swift */ = {isa = PBXFileReference; lastKnownFileType = sourcecode.swift; path = AppDelegate.swift; sourceTree = "<group>"; };
		C451434F61CC4D86D765ECC0 /* PanelLayout.swift */ = {isa = PBXFileReference; lastKnownFileType = sourcecode.swift; path = PanelLayout.swift; sourceTree = "<group>"; };
		CB08A24AA0A1DAE282E2D206 /* ServiceSettings.swift */ = {isa = PBXFileReference; lastKnownFileType = sourcecode.swift; path = ServiceSettings.swift; sourceTree = "<group>"; };
		D265E71959CEAE29EED96271 /* ClaudeStatusLine.swift */ = {isa = PBXFileReference; lastKnownFileType = sourcecode.swift; path = ClaudeStatusLine.swift; sourceTree = "<group>"; };
		DADC5EAEDBA151AA15A121E9 /* ClaudeLimitsReader.swift */ = {isa = PBXFileReference; lastKnownFileType = sourcecode.swift; path = ClaudeLimitsReader.swift; sourceTree = "<group>"; };
		DC4594B9BA5DC82DDAE23517 /* LimitsStore.swift */ = {isa = PBXFileReference; lastKnownFileType = sourcecode.swift; path = LimitsStore.swift; sourceTree = "<group>"; };
		DFEC67C0B6E1EDDF35098A9A /* LimitaTests.swift */ = {isa = PBXFileReference; lastKnownFileType = sourcecode.swift; path = LimitaTests.swift; sourceTree = "<group>"; };
		E4EF6C8CCC714A70DC1BA4B0 /* MiniPillView.swift */ = {isa = PBXFileReference; lastKnownFileType = sourcecode.swift; path = MiniPillView.swift; sourceTree = "<group>"; };
		E6295DA81A65D70795B72DA9 /* CodexLimitsReader.swift */ = {isa = PBXFileReference; lastKnownFileType = sourcecode.swift; path = CodexLimitsReader.swift; sourceTree = "<group>"; };
		E92BA3B28C2A304530DD3B4F /* ClaudeLiveClient.swift */ = {isa = PBXFileReference; lastKnownFileType = sourcecode.swift; path = ClaudeLiveClient.swift; sourceTree = "<group>"; };
		EE4D46FD1D7B60B7CE213162 /* DateParsing.swift */ = {isa = PBXFileReference; lastKnownFileType = sourcecode.swift; path = DateParsing.swift; sourceTree = "<group>"; };
		F17056D8730C101CB2795C3D /* Info.plist */ = {isa = PBXFileReference; lastKnownFileType = text.plist; path = Info.plist; sourceTree = "<group>"; };
		F8B7E87B56C88A193E4BA146 /* OFL.txt */ = {isa = PBXFileReference; lastKnownFileType = text; path = OFL.txt; sourceTree = "<group>"; };
		FE59703CA2833AFEF473FA2F /* Assets.xcassets */ = {isa = PBXFileReference; lastKnownFileType = folder.assetcatalog; path = Assets.xcassets; sourceTree = "<group>"; };
/* End PBXFileReference section */

/* Begin PBXGroup section */
		03D9EFC499B66064BF741A99 /* Products */ = {
			isa = PBXGroup;
			children = (
				1EDD6F89AE8BABCC152E6C77 /* Limita.app */,
				A80FCA4381FCE7D920A56645 /* LimitaTests.xctest */,
			);
			name = Products;
			sourceTree = "<group>";
		};
		2E5BE84BD99B5020ABC5EDED /* App */ = {
			isa = PBXGroup;
			children = (
				B37A349072A6F933C9F03DCC /* AppDelegate.swift */,
				3B5CA708E4B041F7AED42C7A /* LimitaApp.swift */,
			);
			path = App;
			sourceTree = "<group>";
		};
		32D1BC3AF1601C05E25B026D /* Models */ = {
			isa = PBXGroup;
			children = (
				597AA6F50B34A3D5C5B2FBEF /* LimitData.swift */,
			);
			path = Models;
			sourceTree = "<group>";
		};
		4CB52F06EA96651D6EB86BF6 /* LimitaTests */ = {
			isa = PBXGroup;
			children = (
				DFEC67C0B6E1EDDF35098A9A /* LimitaTests.swift */,
			);
			name = LimitaTests;
			path = Tests/LimitaTests;
			sourceTree = "<group>";
		};
		5DB7BD8F456828EC01A91BB3 /* Resources */ = {
			isa = PBXGroup;
			children = (
				FE59703CA2833AFEF473FA2F /* Assets.xcassets */,
				E676C72E1A021D4B0FD69488 /* Fonts */,
			);
			path = Resources;
			sourceTree = "<group>";
		};
		626FC2F8DF6C3B96B46508B0 /* UI */ = {
			isa = PBXGroup;
			children = (
				96E733C221B37B752439FF16 /* AppFont.swift */,
				27C03CC32416785B5AE66956 /* BezelPanelController.swift */,
				9AEC302EB596BCC32079CE7A /* ExpandedView.swift */,
				E4EF6C8CCC714A70DC1BA4B0 /* MiniPillView.swift */,
				C451434F61CC4D86D765ECC0 /* PanelLayout.swift */,
			);
			path = UI;
			sourceTree = "<group>";
		};
		806CBFA75D75C9FDB326240C = {
			isa = PBXGroup;
			children = (
				F252A1D915E5AACE86783687 /* Limita */,
				4CB52F06EA96651D6EB86BF6 /* LimitaTests */,
				03D9EFC499B66064BF741A99 /* Products */,
			);
			sourceTree = "<group>";
		};
		9D9C38A9B66B0872B1655CA8 /* Data */ = {
			isa = PBXGroup;
			children = (
				DADC5EAEDBA151AA15A121E9 /* ClaudeLimitsReader.swift */,
				E92BA3B28C2A304530DD3B4F /* ClaudeLiveClient.swift */,
				D265E71959CEAE29EED96271 /* ClaudeStatusLine.swift */,
				E6295DA81A65D70795B72DA9 /* CodexLimitsReader.swift */,
				4F5FB063C0035DB21B9EE9BC /* CodexLiveClient.swift */,
				EE4D46FD1D7B60B7CE213162 /* DateParsing.swift */,
				DC4594B9BA5DC82DDAE23517 /* LimitsStore.swift */,
				CB08A24AA0A1DAE282E2D206 /* ServiceSettings.swift */,
				5835DDCBD37DB19D625A0446 /* TailLineReader.swift */,
			);
			path = Data;
			sourceTree = "<group>";
		};
		E676C72E1A021D4B0FD69488 /* Fonts */ = {
			isa = PBXGroup;
			children = (
				50D972CBB476054189A45DBB /* JetBrainsMonoNerdFontMono-Regular.ttf */,
				F8B7E87B56C88A193E4BA146 /* OFL.txt */,
			);
			path = Fonts;
			sourceTree = "<group>";
		};
		F252A1D915E5AACE86783687 /* Limita */ = {
			isa = PBXGroup;
			children = (
				F17056D8730C101CB2795C3D /* Info.plist */,
				2E5BE84BD99B5020ABC5EDED /* App */,
				9D9C38A9B66B0872B1655CA8 /* Data */,
				32D1BC3AF1601C05E25B026D /* Models */,
				5DB7BD8F456828EC01A91BB3 /* Resources */,
				626FC2F8DF6C3B96B46508B0 /* UI */,
			);
			path = Limita;
			sourceTree = "<group>";
		};
/* End PBXGroup section */

/* Begin PBXNativeTarget section */
		15D69141E4E3BB35DEB0AA15 /* Limita */ = {
			isa = PBXNativeTarget;
			buildConfigurationList = CA55345FFF50A5D5F3D5237B /* Build configuration list for PBXNativeTarget "Limita" */;
			buildPhases = (
				3508059F6D1296A937C7D4C7 /* Sources */,
				A60195356CD66B40E9D1C642 /* Resources */,
			);
			buildRules = (
			);
			dependencies = (
			);
			name = Limita;
			packageProductDependencies = (
			);
			productName = Limita;
			productReference = 1EDD6F89AE8BABCC152E6C77 /* Limita.app */;
			productType = "com.apple.product-type.application";
		};
		654B90ABB95D516F60492FB0 /* LimitaTests */ = {
			isa = PBXNativeTarget;
			buildConfigurationList = 301085A4412FBAC8D1DA8266 /* Build configuration list for PBXNativeTarget "LimitaTests" */;
			buildPhases = (
				4CD1A3FED0DC35EBED611813 /* Sources */,
			);
			buildRules = (
			);
			dependencies = (
				548BDA041FFCA780F41C57F1 /* PBXTargetDependency */,
			);
			name = LimitaTests;
			packageProductDependencies = (
			);
			productName = LimitaTests;
			productReference = A80FCA4381FCE7D920A56645 /* LimitaTests.xctest */;
			productType = "com.apple.product-type.bundle.unit-test";
		};
/* End PBXNativeTarget section */

/* Begin PBXProject section */
		C77BB9E840AEF78F0366A8DB /* Project object */ = {
			isa = PBXProject;
			attributes = {
				BuildIndependentTargetsInParallel = YES;
				LastUpgradeCheck = 1500;
				TargetAttributes = {
					15D69141E4E3BB35DEB0AA15 = {
						ProvisioningStyle = Automatic;
					};
				};
			};
			buildConfigurationList = AC8EDB4D83762435F91AF775 /* Build configuration list for PBXProject "Limita" */;
			developmentRegion = en;
			hasScannedForEncodings = 0;
			knownRegions = (
				Base,
				en,
			);
			mainGroup = 806CBFA75D75C9FDB326240C;
			minimizedProjectReferenceProxies = 1;
			preferredProjectObjectVersion = 77;
			productRefGroup = 03D9EFC499B66064BF741A99 /* Products */;
			projectDirPath = "";
			projectRoot = "";
			targets = (
				15D69141E4E3BB35DEB0AA15 /* Limita */,
				654B90ABB95D516F60492FB0 /* LimitaTests */,
			);
		};
/* End PBXProject section */

/* Begin PBXResourcesBuildPhase section */
		A60195356CD66B40E9D1C642 /* Resources */ = {
			isa = PBXResourcesBuildPhase;
			buildActionMask = 2147483647;
			files = (
				8AB2ABAC99330343E63C1C01 /* Assets.xcassets in Resources */,
				0F6140F276439F54E5A82FCB /* JetBrainsMonoNerdFontMono-Regular.ttf in Resources */,
				9D48F030088BAAA022768269 /* OFL.txt in Resources */,
			);
			runOnlyForDeploymentPostprocessing = 0;
		};
/* End PBXResourcesBuildPhase section */

/* Begin PBXSourcesBuildPhase section */
		3508059F6D1296A937C7D4C7 /* Sources */ = {
			isa = PBXSourcesBuildPhase;
			buildActionMask = 2147483647;
			files = (
				8047ED5CA8064614590FF52D /* AppDelegate.swift in Sources */,
				89D0A1370588D192A8DB7806 /* AppFont.swift in Sources */,
				4EA5262139160334A05CAE9E /* BezelPanelController.swift in Sources */,
				A0ABC1554C414757DCD5AB08 /* ClaudeLimitsReader.swift in Sources */,
				C52279ABD99B4FE0D06EBA47 /* ClaudeLiveClient.swift in Sources */,
				2B6E424FDA30FB3EA1FD8731 /* ClaudeStatusLine.swift in Sources */,
				E310C5B496E7266D16576583 /* CodexLimitsReader.swift in Sources */,
				7F9821E6418D03249EED0A42 /* CodexLiveClient.swift in Sources */,
				25A7D14A1E6C53F4B4D69E92 /* DateParsing.swift in Sources */,
				C0E87B7D549C94F8610649EE /* ExpandedView.swift in Sources */,
				CE560AF28A8DA7E0D318ADA4 /* LimitData.swift in Sources */,
				87D73D8E5C39EEA3F12B8F26 /* LimitaApp.swift in Sources */,
				43C1CB71110D3B3917E3575E /* LimitsStore.swift in Sources */,
				198D43F3F9A2905D654DFD2C /* MiniPillView.swift in Sources */,
				0F5B44B77D4F53CFC3CCE664 /* PanelLayout.swift in Sources */,
				F773247584DCE531A6F11F21 /* ServiceSettings.swift in Sources */,
				61B11378717DC64DB9E74DA2 /* TailLineReader.swift in Sources */,
			);
			runOnlyForDeploymentPostprocessing = 0;
		};
		4CD1A3FED0DC35EBED611813 /* Sources */ = {
			isa = PBXSourcesBuildPhase;
			buildActionMask = 2147483647;
			files = (
				1ECB8764D7AD21C120CB9330 /* LimitaTests.swift in Sources */,
			);
			runOnlyForDeploymentPostprocessing = 0;
		};
/* End PBXSourcesBuildPhase section */

/* Begin PBXTargetDependency section */
		548BDA041FFCA780F41C57F1 /* PBXTargetDependency */ = {
			isa = PBXTargetDependency;
			target = 15D69141E4E3BB35DEB0AA15 /* Limita */;
			targetProxy = 63AF458E50984B47C87AAE80 /* PBXContainerItemProxy */;
		};
/* End PBXTargetDependency section */

/* Begin XCBuildConfiguration section */
		1B0126216814FF4645D22840 /* Debug */ = {
			isa = XCBuildConfiguration;
			buildSettings = {
				ALWAYS_SEARCH_USER_PATHS = NO;
				CLANG_ANALYZER_NONNULL = YES;
				CLANG_ANALYZER_NUMBER_OBJECT_CONVERSION = YES_AGGRESSIVE;
				CLANG_CXX_LANGUAGE_STANDARD = "gnu++14";
				CLANG_CXX_LIBRARY = "libc++";
				CLANG_ENABLE_MODULES = YES;
				CLANG_ENABLE_OBJC_ARC = YES;
				CLANG_ENABLE_OBJC_WEAK = YES;
				CLANG_WARN_BLOCK_CAPTURE_AUTORELEASING = YES;
				CLANG_WARN_BOOL_CONVERSION = YES;
				CLANG_WARN_COMMA = YES;
				CLANG_WARN_CONSTANT_CONVERSION = YES;
				CLANG_WARN_DEPRECATED_OBJC_IMPLEMENTATIONS = YES;
				CLANG_WARN_DIRECT_OBJC_ISA_USAGE = YES_ERROR;
				CLANG_WARN_DOCUMENTATION_COMMENTS = YES;
				CLANG_WARN_EMPTY_BODY = YES;
				CLANG_WARN_ENUM_CONVERSION = YES;
				CLANG_WARN_INFINITE_RECURSION = YES;
				CLANG_WARN_INT_CONVERSION = YES;
				CLANG_WARN_NON_LITERAL_NULL_CONVERSION = YES;
				CLANG_WARN_OBJC_IMPLICIT_RETAIN_SELF = YES;
				CLANG_WARN_OBJC_LITERAL_CONVERSION = YES;
				CLANG_WARN_OBJC_ROOT_CLASS = YES_ERROR;
				CLANG_WARN_QUOTED_INCLUDE_IN_FRAMEWORK_HEADER = YES;
				CLANG_WARN_RANGE_LOOP_ANALYSIS = YES;
				CLANG_WARN_STRICT_PROTOTYPES = YES;
				CLANG_WARN_SUSPICIOUS_MOVE = YES;
				CLANG_WARN_UNGUARDED_AVAILABILITY = YES_AGGRESSIVE;
				CLANG_WARN_UNREACHABLE_CODE = YES;
				CLANG_WARN__DUPLICATE_METHOD_MATCH = YES;
				COPY_PHASE_STRIP = NO;
				DEBUG_INFORMATION_FORMAT = dwarf;
				ENABLE_STRICT_OBJC_MSGSEND = YES;
				ENABLE_TESTABILITY = YES;
				GCC_C_LANGUAGE_STANDARD = gnu11;
				GCC_DYNAMIC_NO_PIC = NO;
				GCC_NO_COMMON_BLOCKS = YES;
				GCC_OPTIMIZATION_LEVEL = 0;
				GCC_PREPROCESSOR_DEFINITIONS = (
					"$(inherited)",
					"DEBUG=1",
				);
				GCC_WARN_64_TO_32_BIT_CONVERSION = YES;
				GCC_WARN_ABOUT_RETURN_TYPE = YES_ERROR;
				GCC_WARN_UNDECLARED_SELECTOR = YES;
				GCC_WARN_UNINITIALIZED_AUTOS = YES_AGGRESSIVE;
				GCC_WARN_UNUSED_FUNCTION = YES;
				GCC_WARN_UNUSED_VARIABLE = YES;
				MACOSX_DEPLOYMENT_TARGET = 14.0;
				MTL_ENABLE_DEBUG_INFO = INCLUDE_SOURCE;
				MTL_FAST_MATH = YES;
				ONLY_ACTIVE_ARCH = YES;
				PRODUCT_NAME = "$(TARGET_NAME)";
				SDKROOT = macosx;
				SWIFT_ACTIVE_COMPILATION_CONDITIONS = DEBUG;
				SWIFT_OPTIMIZATION_LEVEL = "-Onone";
				SWIFT_VERSION = 5.9;
			};
			name = Debug;
		};
		6EA53E46095F9D914E418D03 /* Debug */ = {
			isa = XCBuildConfiguration;
			buildSettings = {
				ASSETCATALOG_COMPILER_APPICON_NAME = AppIcon;
				CODE_SIGN_STYLE = Automatic;
				COMBINE_HIDPI_IMAGES = YES;
				CURRENT_PROJECT_VERSION = 6;
				INFOPLIST_FILE = Limita/Info.plist;
				LD_RUNPATH_SEARCH_PATHS = (
					"$(inherited)",
					"@executable_path/../Frameworks",
				);
				MARKETING_VERSION = 0.2.4;
				PRODUCT_BUNDLE_IDENTIFIER = com.limita.app;
				PRODUCT_NAME = Limita;
				SDKROOT = macosx;
				SWIFT_EMIT_LOC_STRINGS = YES;
			};
			name = Debug;
		};
		89AB46B3ED1797E9CBAE4841 /* Release */ = {
			isa = XCBuildConfiguration;
			buildSettings = {
				BUNDLE_LOADER = "$(TEST_HOST)";
				COMBINE_HIDPI_IMAGES = YES;
				LD_RUNPATH_SEARCH_PATHS = (
					"$(inherited)",
					"@executable_path/../Frameworks",
					"@loader_path/../Frameworks",
				);
				PRODUCT_BUNDLE_IDENTIFIER = com.limita.tests;
				SDKROOT = macosx;
				TEST_HOST = "$(BUILT_PRODUCTS_DIR)/Limita.app/Contents/MacOS/Limita";
			};
			name = Release;
		};
		A127EB3E81FB3B42E703C6D8 /* Release */ = {
			isa = XCBuildConfiguration;
			buildSettings = {
				ALWAYS_SEARCH_USER_PATHS = NO;
				CLANG_ANALYZER_NONNULL = YES;
				CLANG_ANALYZER_NUMBER_OBJECT_CONVERSION = YES_AGGRESSIVE;
				CLANG_CXX_LANGUAGE_STANDARD = "gnu++14";
				CLANG_CXX_LIBRARY = "libc++";
				CLANG_ENABLE_MODULES = YES;
				CLANG_ENABLE_OBJC_ARC = YES;
				CLANG_ENABLE_OBJC_WEAK = YES;
				CLANG_WARN_BLOCK_CAPTURE_AUTORELEASING = YES;
				CLANG_WARN_BOOL_CONVERSION = YES;
				CLANG_WARN_COMMA = YES;
				CLANG_WARN_CONSTANT_CONVERSION = YES;
				CLANG_WARN_DEPRECATED_OBJC_IMPLEMENTATIONS = YES;
				CLANG_WARN_DIRECT_OBJC_ISA_USAGE = YES_ERROR;
				CLANG_WARN_DOCUMENTATION_COMMENTS = YES;
				CLANG_WARN_EMPTY_BODY = YES;
				CLANG_WARN_ENUM_CONVERSION = YES;
				CLANG_WARN_INFINITE_RECURSION = YES;
				CLANG_WARN_INT_CONVERSION = YES;
				CLANG_WARN_NON_LITERAL_NULL_CONVERSION = YES;
				CLANG_WARN_OBJC_IMPLICIT_RETAIN_SELF = YES;
				CLANG_WARN_OBJC_LITERAL_CONVERSION = YES;
				CLANG_WARN_OBJC_ROOT_CLASS = YES_ERROR;
				CLANG_WARN_QUOTED_INCLUDE_IN_FRAMEWORK_HEADER = YES;
				CLANG_WARN_RANGE_LOOP_ANALYSIS = YES;
				CLANG_WARN_STRICT_PROTOTYPES = YES;
				CLANG_WARN_SUSPICIOUS_MOVE = YES;
				CLANG_WARN_UNGUARDED_AVAILABILITY = YES_AGGRESSIVE;
				CLANG_WARN_UNREACHABLE_CODE = YES;
				CLANG_WARN__DUPLICATE_METHOD_MATCH = YES;
				COPY_PHASE_STRIP = NO;
				DEBUG_INFORMATION_FORMAT = "dwarf-with-dsym";
				ENABLE_NS_ASSERTIONS = NO;
				ENABLE_STRICT_OBJC_MSGSEND = YES;
				GCC_C_LANGUAGE_STANDARD = gnu11;
				GCC_NO_COMMON_BLOCKS = YES;
				GCC_WARN_64_TO_32_BIT_CONVERSION = YES;
				GCC_WARN_ABOUT_RETURN_TYPE = YES_ERROR;
				GCC_WARN_UNDECLARED_SELECTOR = YES;
				GCC_WARN_UNINITIALIZED_AUTOS = YES_AGGRESSIVE;
				GCC_WARN_UNUSED_FUNCTION = YES;
				GCC_WARN_UNUSED_VARIABLE = YES;
				MACOSX_DEPLOYMENT_TARGET = 14.0;
				MTL_ENABLE_DEBUG_INFO = NO;
				MTL_FAST_MATH = YES;
				PRODUCT_NAME = "$(TARGET_NAME)";
				SDKROOT = macosx;
				SWIFT_COMPILATION_MODE = wholemodule;
				SWIFT_OPTIMIZATION_LEVEL = "-O";
				SWIFT_VERSION = 5.9;
			};
			name = Release;
		};
		BC5E400231CEA6E0D4C8CAC1 /* Debug */ = {
			isa = XCBuildConfiguration;
			buildSettings = {
				BUNDLE_LOADER = "$(TEST_HOST)";
				COMBINE_HIDPI_IMAGES = YES;
				LD_RUNPATH_SEARCH_PATHS = (
					"$(inherited)",
					"@executable_path/../Frameworks",
					"@loader_path/../Frameworks",
				);
				PRODUCT_BUNDLE_IDENTIFIER = com.limita.tests;
				SDKROOT = macosx;
				TEST_HOST = "$(BUILT_PRODUCTS_DIR)/Limita.app/Contents/MacOS/Limita";
			};
			name = Debug;
		};
		DCB27DC4F01F6EBEA509BA24 /* Release */ = {
			isa = XCBuildConfiguration;
			buildSettings = {
				ASSETCATALOG_COMPILER_APPICON_NAME = AppIcon;
				CODE_SIGN_STYLE = Automatic;
				COMBINE_HIDPI_IMAGES = YES;
				CURRENT_PROJECT_VERSION = 6;
				INFOPLIST_FILE = Limita/Info.plist;
				LD_RUNPATH_SEARCH_PATHS = (
					"$(inherited)",
					"@executable_path/../Frameworks",
				);
				MARKETING_VERSION = 0.2.4;
				PRODUCT_BUNDLE_IDENTIFIER = com.limita.app;
				PRODUCT_NAME = Limita;
				SDKROOT = macosx;
				SWIFT_EMIT_LOC_STRINGS = YES;
			};
			name = Release;
		};
/* End XCBuildConfiguration section */

/* Begin XCConfigurationList section */
		301085A4412FBAC8D1DA8266 /* Build configuration list for PBXNativeTarget "LimitaTests" */ = {
			isa = XCConfigurationList;
			buildConfigurations = (
				BC5E400231CEA6E0D4C8CAC1 /* Debug */,
				89AB46B3ED1797E9CBAE4841 /* Release */,
			);
			defaultConfigurationIsVisible = 0;
			defaultConfigurationName = Debug;
		};
		AC8EDB4D83762435F91AF775 /* Build configuration list for PBXProject "Limita" */ = {
			isa = XCConfigurationList;
			buildConfigurations = (
				1B0126216814FF4645D22840 /* Debug */,
				A127EB3E81FB3B42E703C6D8 /* Release */,
			);
			defaultConfigurationIsVisible = 0;
			defaultConfigurationName = Debug;
		};
		CA55345FFF50A5D5F3D5237B /* Build configuration list for PBXNativeTarget "Limita" */ = {
			isa = XCConfigurationList;
			buildConfigurations = (
				6EA53E46095F9D914E418D03 /* Debug */,
				DCB27DC4F01F6EBEA509BA24 /* Release */,
			);
			defaultConfigurationIsVisible = 0;
			defaultConfigurationName = Debug;
		};
/* End XCConfigurationList section */
	};
	rootObject = C77BB9E840AEF78F0366A8DB /* Project object */;
}
